<Solution>
  <Project Path="OnlineCourses.API/OnlineCourses.API.csproj" />
  <Project Path="OnlineCourses.Client/OnlineCourses.Client.csproj" />
  <Project Path="OnlineCourses.Data/OnlineCourses.Data.csproj" />
  <Project Path="OnlineCourses.Desktop/OnlineCourses.Desktop.csproj" />
  <Project Path="OnlineCourses.Models/OnlineCourses.Models.csproj" />
  <Project Path="OnlineCourses.Tests/OnlineCourses.Tests.csproj" />
</Solution>
